
Microsoft Visual Studio Solution File, Format Version 12.00
# Visual Studio Version 17
VisualStudioVersion = 17.14.36109.1 d17.14
MinimumVisualStudioVersion = 10.0.40219.1
Project("{FAE04EC0-301F-11D3-BF4B-00C04F79EFBC}") = "Lab1", "Lab1\Lab1.csproj", "{D9EA601D-5E7E-4FFD-A704-15A58360BD37}"
EndProject
Global
	GlobalSection(SolutionConfigurationPlatforms) = preSolution
		Debug|Any CPU = Debug|Any CPU
		Release|Any CPU = Release|Any CPU
	EndGlobalSection
	GlobalSection(ProjectConfigurationPlatforms) = postSolution
		{D9EA601D-5E7E-4FFD-A704-15A58360BD37}.Debug|Any CPU.ActiveCfg = Debug|Any CPU
		{D9EA601D-5E7E-4FFD-A704-15A58360BD37}.Debug|Any CPU.Build.0 = Debug|Any CPU
		{D9EA601D-5E7E-4FFD-A704-15A58360BD37}.Release|Any CPU.ActiveCfg = Release|Any CPU
		{D9EA601D-5E7E-4FFD-A704-15A58360BD37}.Release|Any CPU.Build.0 = Release|Any CPU
	EndGlobalSection
	GlobalSection(SolutionProperties) = preSolution
		HideSolutionNode = FALSE
	EndGlobalSection
	GlobalSection(ExtensibilityGlobals) = postSolution
		SolutionGuid = {E46A1200-FF91-4B35-9DBD-A0E9273CBCE9}
	EndGlobalSection
EndGlobal
